github.com/dgryski/go-jump v0.0.0-20170409065014-e1f439676b57 h1:qZNIK8jjHgLFHAW2wzCWPEv0ZIgcBhU7X3oDt/p3Sv0=
github.com/dgryski/go-jump v0.0.0-20170409065014-e1f439676b57/go.mod h1:4hKCXuwrJoYvHZxJ86+bRVTOMyJ0Ej+RqfSm8mHi6KA=
github.com/serialx/hashring v0.0.0-20180504054112-49a4782e9908 h1:RRpyb4kheanCQVyYfOhkZoD/cwClvn12RzHex2ZmHxw=
github.com/serialx/hashring v0.0.0-20180504054112-49a4782e9908/go.mod h1:/yeG0My1xr/u+HZrFQ1tOQQQQrOawfyMUH13ai5brBc=
stathat.com/c/consistent v1.0.0 h1:ezyc51EGcRPJUxfHGSgJjWzJdj3NiMU9pNfLNGiXV0c=
stathat.com/c/consistent v1.0.0/go.mod h1:QkzMWzcbB+yQBL2AttO6sgsQS/JSTapcDISJalmCDS0=
