# This file is autogenerated, do not edit; changes may be undone by the next 'dep ensure'.


[[projects]]
  branch = "master"
  name = "github.com/dgryski/go-jump"
  packages = ["."]
  revision = "e1f439676b570800a863c37b78d1f868f51a85fc"

[solve-meta]
  analyzer-name = "dep"
  analyzer-version = 1
  inputs-digest = "bd095794e350314c13186a1b5a39be54aedb215d9ffdce22488d59617bf0ecf7"
  solver-name = "gps-cdcl"
  solver-version = 1
