# This file is autogenerated, do not edit; changes may be undone by the next 'dep ensure'.


[[projects]]
  branch = "master"
  name = "github.com/dgryski/go-jump"
  packages = ["."]
  revision = "e1f439676b570800a863c37b78d1f868f51a85fc"

[[projects]]
  branch = "master"
  name = "github.com/serialx/hashring"
  packages = ["."]
  revision = "49a4782e9908fe098c907022a1bd7519c79803d6"

[[projects]]
  branch = "master"
  name = "stathat.com/c/consistent"
  packages = ["."]
  revision = "ad91dc4a3a642859730ff3d65929fce009bfdc23"

[solve-meta]
  analyzer-name = "dep"
  analyzer-version = 1
  inputs-digest = "96ccbdbefbe66587e5c8ccbf5cfd49f3522c45ac79a9ebe458a759a9e0d2be51"
  solver-name = "gps-cdcl"
  solver-version = 1
